
Microsoft Visual Studio Solution File, Format Version 12.00
# Visual Studio Version 17
VisualStudioVersion = 17.8.34330.188
MinimumVisualStudioVersion = 10.0.40219.1
Project("{FAE04EC0-301F-11D3-BF4B-00C04F79EFBC}") = "pdf-downloader", "pdf-downloader\pdf-downloader.csproj", "{13AE7A90-5782-49AD-9A77-243974FBEE8A}"
EndProject
Global
	GlobalSection(SolutionConfigurationPlatforms) = preSolution
		Debug|Any CPU = Debug|Any CPU
		Release|Any CPU = Release|Any CPU
	EndGlobalSection
	GlobalSection(ProjectConfigurationPlatforms) = postSolution
		{13AE7A90-5782-49AD-9A77-243974FBEE8A}.Debug|Any CPU.ActiveCfg = Debug|Any CPU
		{13AE7A90-5782-49AD-9A77-243974FBEE8A}.Debug|Any CPU.Build.0 = Debug|Any CPU
		{13AE7A90-5782-49AD-9A77-243974FBEE8A}.Release|Any CPU.ActiveCfg = Release|Any CPU
		{13AE7A90-5782-49AD-9A77-243974FBEE8A}.Release|Any CPU.Build.0 = Release|Any CPU
	EndGlobalSection
	GlobalSection(SolutionProperties) = preSolution
		HideSolutionNode = FALSE
	EndGlobalSection
	GlobalSection(ExtensibilityGlobals) = postSolution
		SolutionGuid = {6227FA58-AA29-4610-97FB-BC5DF77F875D}
	EndGlobalSection
EndGlobal
